// !$*UTF8*$!
{
	archiveVersion = 1;
	classes = {
	};
	objectVersion = 55;
	objects = {

/* Begin PBXBuildFile section */
		E368E1E327778F1E0005B0DF /* SwiftUI_RestartApp.swift in Sources */ = {isa = PBXBuildFile; fileRef = E368E1E227778F1E0005B0DF /* SwiftUI_RestartApp.swift */; };
		E368E1E527778F1E0005B0DF /* ContentView.swift in Sources */ = {isa = PBXBuildFile; fileRef = E368E1E427778F1E0005B0DF /* ContentView.swift */; };
		E368E1E727778F1F0005B0DF /* Assets.xcassets in Resources */ = {isa = PBXBuildFile; fileRef = E368E1E627778F1F0005B0DF /* Assets.xcassets */; };
		E368E1EA27778F1F0005B0DF /* Preview Assets.xcassets in Resources */ = {isa = PBXBuildFile; fileRef = E368E1E927778F1F0005B0DF /* Preview Assets.xcassets */; };
		E368E1F227778FBF0005B0DF /* chimeup.mp3 in Resources */ = {isa = PBXBuildFile; fileRef = E368E1F027778FBF0005B0DF /* chimeup.mp3 */; };
		E368E1F327778FBF0005B0DF /* success.m4a in Resources */ = {isa = PBXBuildFile; fileRef = E368E1F127778FBF0005B0DF /* success.m4a */; };
		E3B96967277E3C4A003E8D98 /* OnboardingView.swift in Sources */ = {isa = PBXBuildFile; fileRef = E3B96966277E3C4A003E8D98 /* OnboardingView.swift */; };
		E3B96969277E3C60003E8D98 /* HomeView.swift in Sources */ = {isa = PBXBuildFile; fileRef = E3B96968277E3C60003E8D98 /* HomeView.swift */; };
		E3DE5370278059B00025F981 /* CircleGroupView.swift in Sources */ = {isa = PBXBuildFile; fileRef = E3DE536F278059B00025F981 /* CircleGroupView.swift */; };
		E3DE5372278075FA0025F981 /* AudioPlayer.swift.swift in Sources */ = {isa = PBXBuildFile; fileRef = E3DE5371278075F90025F981 /* AudioPlayer.swift.swift */; };
/* End PBXBuildFile section */

/* Begin PBXFileReference section */
		E368E1DF27778F1E0005B0DF /* SwiftUI-Restart.app */ = {isa = PBXFileReference; explicitFileType = wrapper.application; includeInIndex = 0; path = "SwiftUI-Restart.app"; sourceTree = BUILT_PRODUCTS_DIR; };
		E368E1E227778F1E0005B0DF /* SwiftUI_RestartApp.swift */ = {isa = PBXFileReference; lastKnownFileType = sourcecode.swift; path = SwiftUI_RestartApp.swift; sourceTree = "<group>"; };
		E368E1E427778F1E0005B0DF /* ContentView.swift */ = {isa = PBXFileReference; lastKnownFileType = sourcecode.swift; path = ContentView.swift; sourceTree = "<group>"; };
		E368E1E627778F1F0005B0DF /* Assets.xcassets */ = {isa = PBXFileReference; lastKnownFileType = folder.assetcatalog; path = Assets.xcassets; sourceTree = "<group>"; };
		E368E1E927778F1F0005B0DF /* Preview Assets.xcassets */ = {isa = PBXFileReference; lastKnownFileType = folder.assetcatalog; path = "Preview Assets.xcassets"; sourceTree = "<group>"; };
		E368E1F027778FBF0005B0DF /* chimeup.mp3 */ = {isa = PBXFileReference; lastKnownFileType = audio.mp3; path = chimeup.mp3; sourceTree = "<group>"; };
		E368E1F127778FBF0005B0DF /* success.m4a */ = {isa = PBXFileReference; lastKnownFileType = file; path = success.m4a; sourceTree = "<group>"; };
		E368E1F8277793980005B0DF /* Info.plist */ = {isa = PBXFileReference; lastKnownFileType = text.plist.xml; path = Info.plist; sourceTree = "<group>"; };
		E3B96966277E3C4A003E8D98 /* OnboardingView.swift */ = {isa = PBXFileReference; lastKnownFileType = sourcecode.swift; path = OnboardingView.swift; sourceTree = "<group>"; };
		E3B96968277E3C60003E8D98 /* HomeView.swift */ = {isa = PBXFileReference; lastKnownFileType = sourcecode.swift; path = HomeView.swift; sourceTree = "<group>"; };
		E3DE536F278059B00025F981 /* CircleGroupView.swift */ = {isa = PBXFileReference; lastKnownFileType = sourcecode.swift; path = CircleGroupView.swift; sourceTree = "<group>"; };
		E3DE5371278075F90025F981 /* AudioPlayer.swift.swift */ = {isa = PBXFileReference; lastKnownFileType = sourcecode.swift; path = AudioPlayer.swift.swift; sourceTree = "<group>"; };
/* End PBXFileReference section */

/* Begin PBXFrameworksBuildPhase section */
		E368E1DC27778F1E0005B0DF /* Frameworks */ = {
			isa = PBXFrameworksBuildPhase;
			buildActionMask = 2147483647;
			files = (
			);
			runOnlyForDeploymentPostprocessing = 0;
		};
/* End PBXFrameworksBuildPhase section */

/* Begin PBXGroup section */
		E368E1D627778F1E0005B0DF = {
			isa = PBXGroup;
			children = (
				E368E1E127778F1E0005B0DF /* SwiftUI-Restart */,
				E368E1E027778F1E0005B0DF /* Products */,
			);
			sourceTree = "<group>";
		};
		E368E1E027778F1E0005B0DF /* Products */ = {
			isa = PBXGroup;
			children = (
				E368E1DF27778F1E0005B0DF /* SwiftUI-Restart.app */,
			);
			name = Products;
			sourceTree = "<group>";
		};
		E368E1E127778F1E0005B0DF /* SwiftUI-Restart */ = {
			isa = PBXGroup;
			children = (
				E368E1F9277793C00005B0DF /* App */,
				E368E1F7277791670005B0DF /* Utilities */,
				E368E1F6277791590005B0DF /* Views */,
				E368E1F427778FD30005B0DF /* Sounds */,
				E368E1E227778F1E0005B0DF /* SwiftUI_RestartApp.swift */,
				E368E1F5277791520005B0DF /* Screens */,
				E368E1E827778F1F0005B0DF /* Preview Content */,
			);
			path = "SwiftUI-Restart";
			sourceTree = "<group>";
		};
		E368E1E827778F1F0005B0DF /* Preview Content */ = {
			isa = PBXGroup;
			children = (
				E368E1E927778F1F0005B0DF /* Preview Assets.xcassets */,
			);
			path = "Preview Content";
			sourceTree = "<group>";
		};
		E368E1F427778FD30005B0DF /* Sounds */ = {
			isa = PBXGroup;
			children = (
				E368E1F027778FBF0005B0DF /* chimeup.mp3 */,
				E368E1F127778FBF0005B0DF /* success.m4a */,
			);
			path = Sounds;
			sourceTree = "<group>";
		};
		E368E1F5277791520005B0DF /* Screens */ = {
			isa = PBXGroup;
			children = (
				E368E1E427778F1E0005B0DF /* ContentView.swift */,
				E3B96966277E3C4A003E8D98 /* OnboardingView.swift */,
				E3B96968277E3C60003E8D98 /* HomeView.swift */,
			);
			path = Screens;
			sourceTree = "<group>";
		};
		E368E1F6277791590005B0DF /* Views */ = {
			isa = PBXGroup;
			children = (
				E3DE536F278059B00025F981 /* CircleGroupView.swift */,
			);
			path = Views;
			sourceTree = "<group>";
		};
		E368E1F7277791670005B0DF /* Utilities */ = {
			isa = PBXGroup;
			children = (
				E3DE5371278075F90025F981 /* AudioPlayer.swift.swift */,
			);
			path = Utilities;
			sourceTree = "<group>";
		};
		E368E1F9277793C00005B0DF /* App */ = {
			isa = PBXGroup;
			children = (
				E368E1E627778F1F0005B0DF /* Assets.xcassets */,
				E368E1F8277793980005B0DF /* Info.plist */,
			);
			path = App;
			sourceTree = "<group>";
		};
/* End PBXGroup section */

/* Begin PBXNativeTarget section */
		E368E1DE27778F1E0005B0DF /* SwiftUI-Restart */ = {
			isa = PBXNativeTarget;
			buildConfigurationList = E368E1ED27778F1F0005B0DF /* Build configuration list for PBXNativeTarget "SwiftUI-Restart" */;
			buildPhases = (
				E368E1DB27778F1E0005B0DF /* Sources */,
				E368E1DC27778F1E0005B0DF /* Frameworks */,
				E368E1DD27778F1E0005B0DF /* Resources */,
			);
			buildRules = (
			);
			dependencies = (
			);
			name = "SwiftUI-Restart";
			productName = "SwiftUI-Restart";
			productReference = E368E1DF27778F1E0005B0DF /* SwiftUI-Restart.app */;
			productType = "com.apple.product-type.application";
		};
/* End PBXNativeTarget section */

/* Begin PBXProject section */
		E368E1D727778F1E0005B0DF /* Project object */ = {
			isa = PBXProject;
			attributes = {
				BuildIndependentTargetsInParallel = 1;
				LastSwiftUpdateCheck = 1310;
				LastUpgradeCheck = 1310;
				TargetAttributes = {
					E368E1DE27778F1E0005B0DF = {
						CreatedOnToolsVersion = 13.1;
					};
				};
			};
			buildConfigurationList = E368E1DA27778F1E0005B0DF /* Build configuration list for PBXProject "SwiftUI-Restart" */;
			compatibilityVersion = "Xcode 13.0";
			developmentRegion = en;
			hasScannedForEncodings = 0;
			knownRegions = (
				en,
				Base,
			);
			mainGroup = E368E1D627778F1E0005B0DF;
			productRefGroup = E368E1E027778F1E0005B0DF /* Products */;
			projectDirPath = "";
			projectRoot = "";
			targets = (
				E368E1DE27778F1E0005B0DF /* SwiftUI-Restart */,
			);
		};
/* End PBXProject section */

/* Begin PBXResourcesBuildPhase section */
		E368E1DD27778F1E0005B0DF /* Resources */ = {
			isa = PBXResourcesBuildPhase;
			buildActionMask = 2147483647;
			files = (
				E368E1F327778FBF0005B0DF /* success.m4a in Resources */,
				E368E1F227778FBF0005B0DF /* chimeup.mp3 in Resources */,
				E368E1EA27778F1F0005B0DF /* Preview Assets.xcassets in Resources */,
				E368E1E727778F1F0005B0DF /* Assets.xcassets in Resources */,
			);
			runOnlyForDeploymentPostprocessing = 0;
		};
/* End PBXResourcesBuildPhase section */

/* Begin PBXSourcesBuildPhase section */
		E368E1DB27778F1E0005B0DF /* Sources */ = {
			isa = PBXSourcesBuildPhase;
			buildActionMask = 2147483647;
			files = (
				E3DE5370278059B00025F981 /* CircleGroupView.swift in Sources */,
				E3B96967277E3C4A003E8D98 /* OnboardingView.swift in Sources */,
				E3DE5372278075FA0025F981 /* AudioPlayer.swift.swift in Sources */,
				E3B96969277E3C60003E8D98 /* HomeView.swift in Sources */,
				E368E1E527778F1E0005B0DF /* ContentView.swift in Sources */,
				E368E1E327778F1E0005B0DF /* SwiftUI_RestartApp.swift in Sources */,
			);
			runOnlyForDeploymentPostprocessing = 0;
		};
/* End PBXSourcesBuildPhase section */

/* Begin XCBuildConfiguration section */
		E368E1EB27778F1F0005B0DF /* Debug */ = {
			isa = XCBuildConfiguration;
			buildSettings = {
				ALWAYS_SEARCH_USER_PATHS = NO;
				CLANG_ANALYZER_NONNULL = YES;
				CLANG_ANALYZER_NUMBER_OBJECT_CONVERSION = YES_AGGRESSIVE;
				CLANG_CXX_LANGUAGE_STANDARD = "gnu++17";
				CLANG_CXX_LIBRARY = "libc++";
				CLANG_ENABLE_MODULES = YES;
				CLANG_ENABLE_OBJC_ARC = YES;
				CLANG_ENABLE_OBJC_WEAK = YES;
				CLANG_WARN_BLOCK_CAPTURE_AUTORELEASING = YES;
				CLANG_WARN_BOOL_CONVERSION = YES;
				CLANG_WARN_COMMA = YES;
				CLANG_WARN_CONSTANT_CONVERSION = YES;
				CLANG_WARN_DEPRECATED_OBJC_IMPLEMENTATIONS = YES;
				CLANG_WARN_DIRECT_OBJC_ISA_USAGE = YES_ERROR;
				CLANG_WARN_DOCUMENTATION_COMMENTS = YES;
				CLANG_WARN_EMPTY_BODY = YES;
				CLANG_WARN_ENUM_CONVERSION = YES;
				CLANG_WARN_INFINITE_RECURSION = YES;
				CLANG_WARN_INT_CONVERSION = YES;
				CLANG_WARN_NON_LITERAL_NULL_CONVERSION = YES;
				CLANG_WARN_OBJC_IMPLICIT_RETAIN_SELF = YES;
				CLANG_WARN_OBJC_LITERAL_CONVERSION = YES;
				CLANG_WARN_OBJC_ROOT_CLASS = YES_ERROR;
				CLANG_WARN_QUOTED_INCLUDE_IN_FRAMEWORK_HEADER = YES;
				CLANG_WARN_RANGE_LOOP_ANALYSIS = YES;
				CLANG_WARN_STRICT_PROTOTYPES = YES;
				CLANG_WARN_SUSPICIOUS_MOVE = YES;
				CLANG_WARN_UNGUARDED_AVAILABILITY = YES_AGGRESSIVE;
				CLANG_WARN_UNREACHABLE_CODE = YES;
				CLANG_WARN__DUPLICATE_METHOD_MATCH = YES;
				COPY_PHASE_STRIP = NO;
				DEBUG_INFORMATION_FORMAT = dwarf;
				ENABLE_STRICT_OBJC_MSGSEND = YES;
				ENABLE_TESTABILITY = YES;
				GCC_C_LANGUAGE_STANDARD = gnu11;
				GCC_DYNAMIC_NO_PIC = NO;
				GCC_NO_COMMON_BLOCKS = YES;
				GCC_OPTIMIZATION_LEVEL = 0;
				GCC_PREPROCESSOR_DEFINITIONS = (
					"DEBUG=1",
					"$(inherited)",
				);
				GCC_WARN_64_TO_32_BIT_CONVERSION = YES;
				GCC_WARN_ABOUT_RETURN_TYPE = YES_ERROR;
				GCC_WARN_UNDECLARED_SELECTOR = YES;
				GCC_WARN_UNINITIALIZED_AUTOS = YES_AGGRESSIVE;
				GCC_WARN_UNUSED_FUNCTION = YES;
				GCC_WARN_UNUSED_VARIABLE = YES;
				IPHONEOS_DEPLOYMENT_TARGET = 15.0;
				MTL_ENABLE_DEBUG_INFO = INCLUDE_SOURCE;
				MTL_FAST_MATH = YES;
				ONLY_ACTIVE_ARCH = YES;
				SDKROOT = iphoneos;
				SWIFT_ACTIVE_COMPILATION_CONDITIONS = DEBUG;
				SWIFT_OPTIMIZATION_LEVEL = "-Onone";
			};
			name = Debug;
		};
		E368E1EC27778F1F0005B0DF /* Release */ = {
			isa = XCBuildConfiguration;
			buildSettings = {
				ALWAYS_SEARCH_USER_PATHS = NO;
				CLANG_ANALYZER_NONNULL = YES;
				CLANG_ANALYZER_NUMBER_OBJECT_CONVERSION = YES_AGGRESSIVE;
				CLANG_CXX_LANGUAGE_STANDARD = "gnu++17";
				CLANG_CXX_LIBRARY = "libc++";
				CLANG_ENABLE_MODULES = YES;
				CLANG_ENABLE_OBJC_ARC = YES;
				CLANG_ENABLE_OBJC_WEAK = YES;
				CLANG_WARN_BLOCK_CAPTURE_AUTORELEASING = YES;
				CLANG_WARN_BOOL_CONVERSION = YES;
				CLANG_WARN_COMMA = YES;
				CLANG_WARN_CONSTANT_CONVERSION = YES;
				CLANG_WARN_DEPRECATED_OBJC_IMPLEMENTATIONS = YES;
				CLANG_WARN_DIRECT_OBJC_ISA_USAGE = YES_ERROR;
				CLANG_WARN_DOCUMENTATION_COMMENTS = YES;
				CLANG_WARN_EMPTY_BODY = YES;
				CLANG_WARN_ENUM_CONVERSION = YES;
				CLANG_WARN_INFINITE_RECURSION = YES;
				CLANG_WARN_INT_CONVERSION = YES;
				CLANG_WARN_NON_LITERAL_NULL_CONVERSION = YES;
				CLANG_WARN_OBJC_IMPLICIT_RETAIN_SELF = YES;
				CLANG_WARN_OBJC_LITERAL_CONVERSION = YES;
				CLANG_WARN_OBJC_ROOT_CLASS = YES_ERROR;
				CLANG_WARN_QUOTED_INCLUDE_IN_FRAMEWORK_HEADER = YES;
				CLANG_WARN_RANGE_LOOP_ANALYSIS = YES;
				CLANG_WARN_STRICT_PROTOTYPES = YES;
				CLANG_WARN_SUSPICIOUS_MOVE = YES;
				CLANG_WARN_UNGUARDED_AVAILABILITY = YES_AGGRESSIVE;
				CLANG_WARN_UNREACHABLE_CODE = YES;
				CLANG_WARN__DUPLICATE_METHOD_MATCH = YES;
				COPY_PHASE_STRIP = NO;
				DEBUG_INFORMATION_FORMAT = "dwarf-with-dsym";
				ENABLE_NS_ASSERTIONS = NO;
				ENABLE_STRICT_OBJC_MSGSEND = YES;
				GCC_C_LANGUAGE_STANDARD = gnu11;
				GCC_NO_COMMON_BLOCKS = YES;
				GCC_WARN_64_TO_32_BIT_CONVERSION = YES;
				GCC_WARN_ABOUT_RETURN_TYPE = YES_ERROR;
				GCC_WARN_UNDECLARED_SELECTOR = YES;
				GCC_WARN_UNINITIALIZED_AUTOS = YES_AGGRESSIVE;
				GCC_WARN_UNUSED_FUNCTION = YES;
				GCC_WARN_UNUSED_VARIABLE = YES;
				IPHONEOS_DEPLOYMENT_TARGET = 15.0;
				MTL_ENABLE_DEBUG_INFO = NO;
				MTL_FAST_MATH = YES;
				SDKROOT = iphoneos;
				SWIFT_COMPILATION_MODE = wholemodule;
				SWIFT_OPTIMIZATION_LEVEL = "-O";
				VALIDATE_PRODUCT = YES;
			};
			name = Release;
		};
		E368E1EE27778F1F0005B0DF /* Debug */ = {
			isa = XCBuildConfiguration;
			buildSettings = {
				ASSETCATALOG_COMPILER_APPICON_NAME = AppIcon;
				ASSETCATALOG_COMPILER_GLOBAL_ACCENT_COLOR_NAME = AccentColor;
				CODE_SIGN_STYLE = Automatic;
				CURRENT_PROJECT_VERSION = 1;
				DEVELOPMENT_ASSET_PATHS = "\"SwiftUI-Restart/Preview Content\"";
				DEVELOPMENT_TEAM = ZXLD43AH37;
				ENABLE_PREVIEWS = YES;
				GENERATE_INFOPLIST_FILE = YES;
				INFOPLIST_FILE = "SwiftUI-Restart/Info.plist";
				INFOPLIST_KEY_UIApplicationSceneManifest_Generation = YES;
				INFOPLIST_KEY_UIApplicationSupportsIndirectInputEvents = YES;
				INFOPLIST_KEY_UISupportedInterfaceOrientations_iPad = "UIInterfaceOrientationPortrait UIInterfaceOrientationPortraitUpsideDown UIInterfaceOrientationLandscapeLeft UIInterfaceOrientationLandscapeRight";
				INFOPLIST_KEY_UISupportedInterfaceOrientations_iPhone = UIInterfaceOrientationPortrait;
				LD_RUNPATH_SEARCH_PATHS = (
					"$(inherited)",
					"@executable_path/Frameworks",
				);
				MARKETING_VERSION = 1.0;
				PRODUCT_BUNDLE_IDENTIFIER = "com.SwiftUI-Restart";
				PRODUCT_NAME = "$(TARGET_NAME)";
				SWIFT_EMIT_LOC_STRINGS = YES;
				SWIFT_VERSION = 5.0;
				TARGETED_DEVICE_FAMILY = "1,2";
			};
			name = Debug;
		};
		E368E1EF27778F1F0005B0DF /* Release */ = {
			isa = XCBuildConfiguration;
			buildSettings = {
				ASSETCATALOG_COMPILER_APPICON_NAME = AppIcon;
				ASSETCATALOG_COMPILER_GLOBAL_ACCENT_COLOR_NAME = AccentColor;
				CODE_SIGN_STYLE = Automatic;
				CURRENT_PROJECT_VERSION = 1;
				DEVELOPMENT_ASSET_PATHS = "\"SwiftUI-Restart/Preview Content\"";
				DEVELOPMENT_TEAM = ZXLD43AH37;
				ENABLE_PREVIEWS = YES;
				GENERATE_INFOPLIST_FILE = YES;
				INFOPLIST_FILE = "SwiftUI-Restart/Info.plist";
				INFOPLIST_KEY_UIApplicationSceneManifest_Generation = YES;
				INFOPLIST_KEY_UIApplicationSupportsIndirectInputEvents = YES;
				INFOPLIST_KEY_UISupportedInterfaceOrientations_iPad = "UIInterfaceOrientationPortrait UIInterfaceOrientationPortraitUpsideDown UIInterfaceOrientationLandscapeLeft UIInterfaceOrientationLandscapeRight";
				INFOPLIST_KEY_UISupportedInterfaceOrientations_iPhone = UIInterfaceOrientationPortrait;
				LD_RUNPATH_SEARCH_PATHS = (
					"$(inherited)",
					"@executable_path/Frameworks",
				);
				MARKETING_VERSION = 1.0;
				PRODUCT_BUNDLE_IDENTIFIER = "com.SwiftUI-Restart";
				PRODUCT_NAME = "$(TARGET_NAME)";
				SWIFT_EMIT_LOC_STRINGS = YES;
				SWIFT_VERSION = 5.0;
				TARGETED_DEVICE_FAMILY = "1,2";
			};
			name = Release;
		};
/* End XCBuildConfiguration section */

/* Begin XCConfigurationList section */
		E368E1DA27778F1E0005B0DF /* Build configuration list for PBXProject "SwiftUI-Restart" */ = {
			isa = XCConfigurationList;
			buildConfigurations = (
				E368E1EB27778F1F0005B0DF /* Debug */,
				E368E1EC27778F1F0005B0DF /* Release */,
			);
			defaultConfigurationIsVisible = 0;
			defaultConfigurationName = Release;
		};
		E368E1ED27778F1F0005B0DF /* Build configuration list for PBXNativeTarget "SwiftUI-Restart" */ = {
			isa = XCConfigurationList;
			buildConfigurations = (
				E368E1EE27778F1F0005B0DF /* Debug */,
				E368E1EF27778F1F0005B0DF /* Release */,
			);
			defaultConfigurationIsVisible = 0;
			defaultConfigurationName = Release;
		};
/* End XCConfigurationList section */
	};
	rootObject = E368E1D727778F1E0005B0DF /* Project object */;
}
